{
  "projects": [
    {
      "projectId": "95xp9cYcv7HrNWpFWWhbcv",
      "version": "2.2.1",
      "dependencies": {},
      "lang": "ts",
      "fileLocks": [
        {
          "assetId": "95xp9cYcv7HrNWpFWWhbcv",
          "type": "projectCss",
          "checksum": "57b82942abed3bc869fdace5ce63de4d"
        },
        {
          "type": "image",
          "assetId": "pAcQ-9j-MkaY",
          "checksum": "c263e67c06cb18ec9feeae243a6f8fa0"
        }
      ],
      "codegenVersion": "0.0.1"
    },
    {
      "projectId": "g4Ez5Lq65bFwpS9M8VgRuA",
      "version": "latest",
      "dependencies": {
        "95xp9cYcv7HrNWpFWWhbcv": "2.2.1",
        "xp1p7dmg329XVLHyuEUxD2": "10.1.0",
        "i3z63WaCLuRiSZRBwZC8d1": "4.0.2"
      },
      "lang": "ts",
      "fileLocks": [
        {
          "assetId": "g4Ez5Lq65bFwpS9M8VgRuA",
          "checksum": "e0cc3d21dbbcb3f28309b226983ade18",
          "type": "globalContexts"
        },
        {
          "type": "renderModule",
          "assetId": "Vwv2WO9OUy34Z",
          "checksum": "0e0246651f5a1146ca71d6a0e95fcf05"
        },
        {
          "type": "cssRules",
          "assetId": "Vwv2WO9OUy34Z",
          "checksum": "0e0246651f5a1146ca71d6a0e95fcf05"
        },
        {
          "type": "renderModule",
          "assetId": "RYN9c2WQmTlJA",
          "checksum": "445757c5ec95772b3937a8d134ec8770"
        },
        {
          "type": "cssRules",
          "assetId": "RYN9c2WQmTlJA",
          "checksum": "445757c5ec95772b3937a8d134ec8770"
        },
        {
          "type": "renderModule",
          "assetId": "pflHqo5_0S051",
          "checksum": "d07fa10e117635ef4d2732a9bc73f44f"
        },
        {
          "type": "cssRules",
          "assetId": "pflHqo5_0S051",
          "checksum": "d07fa10e117635ef4d2732a9bc73f44f"
        },
        {
          "type": "renderModule",
          "assetId": "zd49r9Guz8Zmd",
          "checksum": "aa0bd336666bc1f325a79b8f66e55412"
        },
        {
          "type": "cssRules",
          "assetId": "zd49r9Guz8Zmd",
          "checksum": "aa0bd336666bc1f325a79b8f66e55412"
        },
        {
          "type": "renderModule",
          "assetId": "FvHW5jBcyeTo6",
          "checksum": "0a247c172dc4ae6758dab39d4a7dcbc5"
        },
        {
          "type": "cssRules",
          "assetId": "FvHW5jBcyeTo6",
          "checksum": "0a247c172dc4ae6758dab39d4a7dcbc5"
        },
        {
          "type": "renderModule",
          "assetId": "2H8_-Jd25igKZ",
          "checksum": "e339e0dbff1a1d995fcda53d8336b9b2"
        },
        {
          "type": "cssRules",
          "assetId": "2H8_-Jd25igKZ",
          "checksum": "e339e0dbff1a1d995fcda53d8336b9b2"
        },
        {
          "type": "renderModule",
          "assetId": "bMAhaNV4uxtZt",
          "checksum": "a5d39790ec1bd4bc79e83f0c88fd66bd"
        },
        {
          "type": "cssRules",
          "assetId": "bMAhaNV4uxtZt",
          "checksum": "a5d39790ec1bd4bc79e83f0c88fd66bd"
        },
        {
          "type": "renderModule",
          "assetId": "2U5IJgExL6SQL",
          "checksum": "b7f760973d104fca6269904472a2b5ee"
        },
        {
          "type": "cssRules",
          "assetId": "2U5IJgExL6SQL",
          "checksum": "b7f760973d104fca6269904472a2b5ee"
        },
        {
          "type": "renderModule",
          "assetId": "GF97yrW5bgpvzP",
          "checksum": "4140ae31c941c5d1738656bda73b4845"
        },
        {
          "type": "cssRules",
          "assetId": "GF97yrW5bgpvzP",
          "checksum": "4140ae31c941c5d1738656bda73b4845"
        },
        {
          "type": "renderModule",
          "assetId": "u7dOzKomhpHBoJ",
          "checksum": "aee67a5412a42b766c324052f501ff24"
        },
        {
          "type": "cssRules",
          "assetId": "u7dOzKomhpHBoJ",
          "checksum": "aee67a5412a42b766c324052f501ff24"
        },
        {
          "type": "renderModule",
          "assetId": "g3ACdRzKBdu_3l",
          "checksum": "7ee7fbfa60e362bfdb272059b560bd0e"
        },
        {
          "type": "cssRules",
          "assetId": "g3ACdRzKBdu_3l",
          "checksum": "7ee7fbfa60e362bfdb272059b560bd0e"
        },
        {
          "type": "renderModule",
          "assetId": "VrqWzl1NfOir6N",
          "checksum": "188a2802e8cfe2a859557d18ef9ded48"
        },
        {
          "type": "cssRules",
          "assetId": "VrqWzl1NfOir6N",
          "checksum": "188a2802e8cfe2a859557d18ef9ded48"
        },
        {
          "type": "renderModule",
          "assetId": "YxsDSYFu6tZaWP",
          "checksum": "5775df423a6f39cf58f28c6af13aded9"
        },
        {
          "type": "cssRules",
          "assetId": "YxsDSYFu6tZaWP",
          "checksum": "5775df423a6f39cf58f28c6af13aded9"
        },
        {
          "type": "renderModule",
          "assetId": "4Km3QgFQM0M3rM",
          "checksum": "d28bff75def1465dd211cda6f1bdbf5f"
        },
        {
          "type": "cssRules",
          "assetId": "4Km3QgFQM0M3rM",
          "checksum": "d28bff75def1465dd211cda6f1bdbf5f"
        },
        {
          "type": "icon",
          "assetId": "qyLXGaZB_ZF0il",
          "checksum": "d55467cc1d8ef8014129bc203af30ce7"
        },
        {
          "type": "icon",
          "assetId": "4oCmflPUkHm_RM",
          "checksum": "eefe9773bea7a2a02caa0adad395158d"
        },
        {
          "type": "icon",
          "assetId": "jprEHF8o--WWYP",
          "checksum": "3326027dad41ac8437c518aa1dabf472"
        },
        {
          "type": "icon",
          "assetId": "8O_J0mtZP3f9Rc",
          "checksum": "8b95d5fab0b4010b8ae641e6bfccbf1e"
        },
        {
          "type": "icon",
          "assetId": "Yf3H-tuN-cRTC1",
          "checksum": "a0b3cd1edfa093f1101217540d187713"
        },
        {
          "type": "icon",
          "assetId": "SBDBD3W3QDEcv8",
          "checksum": "ce777783a0e2168271364fbb25fbecdd"
        },
        {
          "type": "icon",
          "assetId": "3vD6ibSgBw56Bo",
          "checksum": "37b97a0ad3b5989a7ada09c12d98184d"
        },
        {
          "type": "image",
          "assetId": "8-2NdpyPHJAv9c",
          "checksum": "6f25073eecfde1aa313bfba005d93b91"
        },
        {
          "assetId": "g4Ez5Lq65bFwpS9M8VgRuA",
          "type": "projectCss",
          "checksum": "fa3ba2ec6ef5031d81c30502b4ad2446"
        }
      ],
      "codegenVersion": "0.0.1"
    },
    {
      "projectId": "i3z63WaCLuRiSZRBwZC8d1",
      "version": "4.0.2",
      "dependencies": {},
      "lang": "ts",
      "fileLocks": [
        {
          "assetId": "i3z63WaCLuRiSZRBwZC8d1",
          "type": "projectCss",
          "checksum": "e9d59fe1792f6201a5c264e6cb1cdb4c"
        },
        {
          "assetId": "i3z63WaCLuRiSZRBwZC8d1",
          "checksum": "d41f882cfac981540c1031f3659b25b6",
          "type": "globalContexts"
        }
      ],
      "codegenVersion": "0.0.1"
    },
    {
      "projectId": "xp1p7dmg329XVLHyuEUxD2",
      "version": "10.1.0",
      "dependencies": {},
      "lang": "ts",
      "fileLocks": [
        {
          "assetId": "xp1p7dmg329XVLHyuEUxD2",
          "type": "projectCss",
          "checksum": "b77eef885de95f7d4b5b1191f5daa11b"
        }
      ],
      "codegenVersion": "0.0.1"
    }
  ],
  "cliVersion": "0.1.178"
}
